
Microsoft Visual Studio Solution File, Format Version 12.00
# Visual Studio Version 17
VisualStudioVersion = 17.0.31903.59
MinimumVisualStudioVersion = 10.0.40219.1
Project("{FAE04EC0-301F-11D3-BF4B-00C04F79EFBC}") = "Domain", "Domain\Domain.csproj", "{A97C1D98-9588-4434-B4EF-A17FEF0EF773}"
EndProject
Project("{FAE04EC0-301F-11D3-BF4B-00C04F79EFBC}") = "Application", "Application\Application.csproj", "{727042E1-E2B6-4246-BD98-CEE4809D6414}"
EndProject
Project("{FAE04EC0-301F-11D3-BF4B-00C04F79EFBC}") = "Infrastructure", "Infrastructure\Infrastructure.csproj", "{1D609BF9-1CFF-4BEA-98F4-A0183353083A}"
EndProject
Project("{FAE04EC0-301F-11D3-BF4B-00C04F79EFBC}") = "Persistence", "Persistence\Persistence.csproj", "{42BC8992-E8D9-4F11-9CEB-457E350EC912}"
EndProject
Project("{FAE04EC0-301F-11D3-BF4B-00C04F79EFBC}") = "Api", "Api\Api.csproj", "{EDD07A4D-F1C4-4150-8EF8-00CB4F7F15DD}"
EndProject
Global
	GlobalSection(SolutionConfigurationPlatforms) = preSolution
		Debug|Any CPU = Debug|Any CPU
		Release|Any CPU = Release|Any CPU
	EndGlobalSection
	GlobalSection(SolutionProperties) = preSolution
		HideSolutionNode = FALSE
	EndGlobalSection
	GlobalSection(ProjectConfigurationPlatforms) = postSolution
		{A97C1D98-9588-4434-B4EF-A17FEF0EF773}.Debug|Any CPU.ActiveCfg = Debug|Any CPU
		{A97C1D98-9588-4434-B4EF-A17FEF0EF773}.Debug|Any CPU.Build.0 = Debug|Any CPU
		{A97C1D98-9588-4434-B4EF-A17FEF0EF773}.Release|Any CPU.ActiveCfg = Release|Any CPU
		{A97C1D98-9588-4434-B4EF-A17FEF0EF773}.Release|Any CPU.Build.0 = Release|Any CPU
		{727042E1-E2B6-4246-BD98-CEE4809D6414}.Debug|Any CPU.ActiveCfg = Debug|Any CPU
		{727042E1-E2B6-4246-BD98-CEE4809D6414}.Debug|Any CPU.Build.0 = Debug|Any CPU
		{727042E1-E2B6-4246-BD98-CEE4809D6414}.Release|Any CPU.ActiveCfg = Release|Any CPU
		{727042E1-E2B6-4246-BD98-CEE4809D6414}.Release|Any CPU.Build.0 = Release|Any CPU
		{1D609BF9-1CFF-4BEA-98F4-A0183353083A}.Debug|Any CPU.ActiveCfg = Debug|Any CPU
		{1D609BF9-1CFF-4BEA-98F4-A0183353083A}.Debug|Any CPU.Build.0 = Debug|Any CPU
		{1D609BF9-1CFF-4BEA-98F4-A0183353083A}.Release|Any CPU.ActiveCfg = Release|Any CPU
		{1D609BF9-1CFF-4BEA-98F4-A0183353083A}.Release|Any CPU.Build.0 = Release|Any CPU
		{42BC8992-E8D9-4F11-9CEB-457E350EC912}.Debug|Any CPU.ActiveCfg = Debug|Any CPU
		{42BC8992-E8D9-4F11-9CEB-457E350EC912}.Debug|Any CPU.Build.0 = Debug|Any CPU
		{42BC8992-E8D9-4F11-9CEB-457E350EC912}.Release|Any CPU.ActiveCfg = Release|Any CPU
		{42BC8992-E8D9-4F11-9CEB-457E350EC912}.Release|Any CPU.Build.0 = Release|Any CPU
		{EDD07A4D-F1C4-4150-8EF8-00CB4F7F15DD}.Debug|Any CPU.ActiveCfg = Debug|Any CPU
		{EDD07A4D-F1C4-4150-8EF8-00CB4F7F15DD}.Debug|Any CPU.Build.0 = Debug|Any CPU
		{EDD07A4D-F1C4-4150-8EF8-00CB4F7F15DD}.Release|Any CPU.ActiveCfg = Release|Any CPU
		{EDD07A4D-F1C4-4150-8EF8-00CB4F7F15DD}.Release|Any CPU.Build.0 = Release|Any CPU
	EndGlobalSection
EndGlobal
